
Microsoft Visual Studio Solution File, Format Version 12.00
# Visual Studio 2017
Project("{FAE04EC0-301F-11D3-BF4B-00C04F79EFBC}") = "Angle", "Angle.csproj", "{17FD65C9-D37F-4EFF-4531-848D71546E9C}"
EndProject
Global
	GlobalSection(SolutionConfigurationPlatforms) = preSolution
		Debug|Any CPU = Debug|Any CPU
		Release|Any CPU = Release|Any CPU
	EndGlobalSection
	GlobalSection(ProjectConfigurationPlatforms) = postSolution
		{17FD65C9-D37F-4EFF-4531-848D71546E9C}.Debug|Any CPU.ActiveCfg = Debug|Any CPU
		{17FD65C9-D37F-4EFF-4531-848D71546E9C}.Debug|Any CPU.Build.0 = Debug|Any CPU
		{17FD65C9-D37F-4EFF-4531-848D71546E9C}.Release|Any CPU.ActiveCfg = Release|Any CPU
		{17FD65C9-D37F-4EFF-4531-848D71546E9C}.Release|Any CPU.Build.0 = Release|Any CPU
	EndGlobalSection
	GlobalSection(SolutionProperties) = preSolution
		HideSolutionNode = FALSE
	EndGlobalSection
EndGlobal
